// !$*UTF8*$!
{
	archiveVersion = 1;
	classes = {
	};
	objectVersion = 55;
	objects = {

/* Begin PBXBuildFile section */
		41885EAE662A5AAB52C73AD0 /* Pods_UIComponentsTests.framework in Frameworks */ = {isa = PBXBuildFile; fileRef = 5FAA0B002566C0E121E3DF52 /* Pods_UIComponentsTests.framework */; };
		6D24EC00666662E5CB60D786 /* Pods_UIComponents.framework in Frameworks */ = {isa = PBXBuildFile; fileRef = 895D7B16DF230A3979989C1E /* Pods_UIComponents.framework */; };
		FEE0B80328B769B700BB043D /* UIComponents.framework in Frameworks */ = {isa = PBXBuildFile; fileRef = FEE0B7FA28B769B600BB043D /* UIComponents.framework */; };
		FEE0B80828B769B700BB043D /* UIComponentsTests.swift in Sources */ = {isa = PBXBuildFile; fileRef = FEE0B80728B769B700BB043D /* UIComponentsTests.swift */; };
		FEE0B80928B769B700BB043D /* UIComponents.h in Headers */ = {isa = PBXBuildFile; fileRef = FEE0B7FD28B769B600BB043D /* UIComponents.h */; settings = {ATTRIBUTES = (Public, ); }; };
		FEE0B83728B76AFA00BB043D /* ReusableView.swift in Sources */ = {isa = PBXBuildFile; fileRef = FEE0B83628B76AFA00BB043D /* ReusableView.swift */; };
		FEE0B83B28B76B4100BB043D /* UICollectionView+Extensions.swift in Sources */ = {isa = PBXBuildFile; fileRef = FEE0B83A28B76B4100BB043D /* UICollectionView+Extensions.swift */; };
		FEE0B83D28B76B4900BB043D /* UITableView+Extensions.swift in Sources */ = {isa = PBXBuildFile; fileRef = FEE0B83C28B76B4900BB043D /* UITableView+Extensions.swift */; };
		FEE0B83F28B76BEB00BB043D /* Colors.xcassets in Resources */ = {isa = PBXBuildFile; fileRef = FEE0B83E28B76BEB00BB043D /* Colors.xcassets */; };
		FEE0B84328B76C3F00BB043D /* Images.xcassets in Resources */ = {isa = PBXBuildFile; fileRef = FEE0B84228B76C3F00BB043D /* Images.xcassets */; };
		FEE0B84628B76D4B00BB043D /* swiftgen.yml in Resources */ = {isa = PBXBuildFile; fileRef = FEE0B84528B76D4B00BB043D /* swiftgen.yml */; };
		FEE0B85128B76DC900BB043D /* Inter-Medium.ttf in Resources */ = {isa = PBXBuildFile; fileRef = FEE0B84828B76DC900BB043D /* Inter-Medium.ttf */; };
		FEE0B85228B76DC900BB043D /* Inter-Light.ttf in Resources */ = {isa = PBXBuildFile; fileRef = FEE0B84928B76DC900BB043D /* Inter-Light.ttf */; };
		FEE0B85328B76DC900BB043D /* Inter-Thin.ttf in Resources */ = {isa = PBXBuildFile; fileRef = FEE0B84A28B76DC900BB043D /* Inter-Thin.ttf */; };
		FEE0B85428B76DC900BB043D /* Inter-Bold.ttf in Resources */ = {isa = PBXBuildFile; fileRef = FEE0B84B28B76DC900BB043D /* Inter-Bold.ttf */; };
		FEE0B85528B76DC900BB043D /* Inter-Regular.ttf in Resources */ = {isa = PBXBuildFile; fileRef = FEE0B84C28B76DC900BB043D /* Inter-Regular.ttf */; };
		FEE0B85628B76DC900BB043D /* Inter-ExtraBold.ttf in Resources */ = {isa = PBXBuildFile; fileRef = FEE0B84D28B76DC900BB043D /* Inter-ExtraBold.ttf */; };
		FEE0B85728B76DC900BB043D /* Inter-ExtraLight.ttf in Resources */ = {isa = PBXBuildFile; fileRef = FEE0B84E28B76DC900BB043D /* Inter-ExtraLight.ttf */; };
		FEE0B85828B76DC900BB043D /* Inter-Black.ttf in Resources */ = {isa = PBXBuildFile; fileRef = FEE0B84F28B76DC900BB043D /* Inter-Black.ttf */; };
		FEE0B85928B76DC900BB043D /* Inter-SemiBold.ttf in Resources */ = {isa = PBXBuildFile; fileRef = FEE0B85028B76DC900BB043D /* Inter-SemiBold.ttf */; };
		FEE0B86528B76E8C00BB043D /* UIColor+Colors.swift in Sources */ = {isa = PBXBuildFile; fileRef = FEE0B86228B76E8C00BB043D /* UIColor+Colors.swift */; };
		FEE0B86628B76E8C00BB043D /* Assets.swift in Sources */ = {isa = PBXBuildFile; fileRef = FEE0B86328B76E8C00BB043D /* Assets.swift */; };
		FEE0B86728B76E8C00BB043D /* UIImage+Images.swift in Sources */ = {isa = PBXBuildFile; fileRef = FEE0B86428B76E8C00BB043D /* UIImage+Images.swift */; };
		FEE0B86928B76E9600BB043D /* Fonts.swift in Sources */ = {isa = PBXBuildFile; fileRef = FEE0B86828B76E9600BB043D /* Fonts.swift */; };
		FEE0B86B28B7706800BB043D /* Fonts+Ext.swift in Sources */ = {isa = PBXBuildFile; fileRef = FEE0B86A28B7706800BB043D /* Fonts+Ext.swift */; };
		FEE0B8A528BA429800BB043D /* MovieXLoadingView.swift in Sources */ = {isa = PBXBuildFile; fileRef = FEE0B8A428BA429800BB043D /* MovieXLoadingView.swift */; };
		FEE0B8B128BABB0600BB043D /* MovieCell.swift in Sources */ = {isa = PBXBuildFile; fileRef = FEE0B8AF28BABB0600BB043D /* MovieCell.swift */; };
		FEE0B8B228BABB0600BB043D /* MovieCellModel.swift in Sources */ = {isa = PBXBuildFile; fileRef = FEE0B8B028BABB0600BB043D /* MovieCellModel.swift */; };
		FEE0B8D728BB907400BB043D /* String+Extensions.swift in Sources */ = {isa = PBXBuildFile; fileRef = FEE0B8D628BB907400BB043D /* String+Extensions.swift */; };
/* End PBXBuildFile section */

/* Begin PBXContainerItemProxy section */
		FEE0B80428B769B700BB043D /* PBXContainerItemProxy */ = {
			isa = PBXContainerItemProxy;
			containerPortal = FEE0B7F128B769B600BB043D /* Project object */;
			proxyType = 1;
			remoteGlobalIDString = FEE0B7F928B769B600BB043D;
			remoteInfo = UIComponents;
		};
/* End PBXContainerItemProxy section */

/* Begin PBXFileReference section */
		0569502AFE5920C48A47DA9A /* Pods-UIComponents.debug.xcconfig */ = {isa = PBXFileReference; includeInIndex = 1; lastKnownFileType = text.xcconfig; name = "Pods-UIComponents.debug.xcconfig"; path = "Target Support Files/Pods-UIComponents/Pods-UIComponents.debug.xcconfig"; sourceTree = "<group>"; };
		5FAA0B002566C0E121E3DF52 /* Pods_UIComponentsTests.framework */ = {isa = PBXFileReference; explicitFileType = wrapper.framework; includeInIndex = 0; path = Pods_UIComponentsTests.framework; sourceTree = BUILT_PRODUCTS_DIR; };
		895D7B16DF230A3979989C1E /* Pods_UIComponents.framework */ = {isa = PBXFileReference; explicitFileType = wrapper.framework; includeInIndex = 0; path = Pods_UIComponents.framework; sourceTree = BUILT_PRODUCTS_DIR; };
		9C5E2C682C7CC1C1D0CD2D1B /* Pods-UIComponentsTests.debug.xcconfig */ = {isa = PBXFileReference; includeInIndex = 1; lastKnownFileType = text.xcconfig; name = "Pods-UIComponentsTests.debug.xcconfig"; path = "Target Support Files/Pods-UIComponentsTests/Pods-UIComponentsTests.debug.xcconfig"; sourceTree = "<group>"; };
		B6BCBB3CCC71B9E77836B39B /* Pods-UIComponents.release.xcconfig */ = {isa = PBXFileReference; includeInIndex = 1; lastKnownFileType = text.xcconfig; name = "Pods-UIComponents.release.xcconfig"; path = "Target Support Files/Pods-UIComponents/Pods-UIComponents.release.xcconfig"; sourceTree = "<group>"; };
		C3A528EDC561D22F6831B1BE /* Pods-UIComponentsTests.release.xcconfig */ = {isa = PBXFileReference; includeInIndex = 1; lastKnownFileType = text.xcconfig; name = "Pods-UIComponentsTests.release.xcconfig"; path = "Target Support Files/Pods-UIComponentsTests/Pods-UIComponentsTests.release.xcconfig"; sourceTree = "<group>"; };
		FEE0B7FA28B769B600BB043D /* UIComponents.framework */ = {isa = PBXFileReference; explicitFileType = wrapper.framework; includeInIndex = 0; path = UIComponents.framework; sourceTree = BUILT_PRODUCTS_DIR; };
		FEE0B7FD28B769B600BB043D /* UIComponents.h */ = {isa = PBXFileReference; lastKnownFileType = sourcecode.c.h; path = UIComponents.h; sourceTree = "<group>"; };
		FEE0B80228B769B700BB043D /* UIComponentsTests.xctest */ = {isa = PBXFileReference; explicitFileType = wrapper.cfbundle; includeInIndex = 0; path = UIComponentsTests.xctest; sourceTree = BUILT_PRODUCTS_DIR; };
		FEE0B80728B769B700BB043D /* UIComponentsTests.swift */ = {isa = PBXFileReference; lastKnownFileType = sourcecode.swift; path = UIComponentsTests.swift; sourceTree = "<group>"; };
		FEE0B83628B76AFA00BB043D /* ReusableView.swift */ = {isa = PBXFileReference; lastKnownFileType = sourcecode.swift; path = ReusableView.swift; sourceTree = "<group>"; };
		FEE0B83A28B76B4100BB043D /* UICollectionView+Extensions.swift */ = {isa = PBXFileReference; lastKnownFileType = sourcecode.swift; path = "UICollectionView+Extensions.swift"; sourceTree = "<group>"; };
		FEE0B83C28B76B4900BB043D /* UITableView+Extensions.swift */ = {isa = PBXFileReference; lastKnownFileType = sourcecode.swift; path = "UITableView+Extensions.swift"; sourceTree = "<group>"; };
		FEE0B83E28B76BEB00BB043D /* Colors.xcassets */ = {isa = PBXFileReference; lastKnownFileType = folder.assetcatalog; path = Colors.xcassets; sourceTree = "<group>"; };
		FEE0B84228B76C3F00BB043D /* Images.xcassets */ = {isa = PBXFileReference; lastKnownFileType = folder.assetcatalog; path = Images.xcassets; sourceTree = "<group>"; };
		FEE0B84528B76D4B00BB043D /* swiftgen.yml */ = {isa = PBXFileReference; lastKnownFileType = text.yaml; path = swiftgen.yml; sourceTree = "<group>"; };
		FEE0B84828B76DC900BB043D /* Inter-Medium.ttf */ = {isa = PBXFileReference; lastKnownFileType = file; path = "Inter-Medium.ttf"; sourceTree = "<group>"; };
		FEE0B84928B76DC900BB043D /* Inter-Light.ttf */ = {isa = PBXFileReference; lastKnownFileType = file; path = "Inter-Light.ttf"; sourceTree = "<group>"; };
		FEE0B84A28B76DC900BB043D /* Inter-Thin.ttf */ = {isa = PBXFileReference; lastKnownFileType = file; path = "Inter-Thin.ttf"; sourceTree = "<group>"; };
		FEE0B84B28B76DC900BB043D /* Inter-Bold.ttf */ = {isa = PBXFileReference; lastKnownFileType = file; path = "Inter-Bold.ttf"; sourceTree = "<group>"; };
		FEE0B84C28B76DC900BB043D /* Inter-Regular.ttf */ = {isa = PBXFileReference; lastKnownFileType = file; path = "Inter-Regular.ttf"; sourceTree = "<group>"; };
		FEE0B84D28B76DC900BB043D /* Inter-ExtraBold.ttf */ = {isa = PBXFileReference; lastKnownFileType = file; path = "Inter-ExtraBold.ttf"; sourceTree = "<group>"; };
		FEE0B84E28B76DC900BB043D /* Inter-ExtraLight.ttf */ = {isa = PBXFileReference; lastKnownFileType = file; path = "Inter-ExtraLight.ttf"; sourceTree = "<group>"; };
		FEE0B84F28B76DC900BB043D /* Inter-Black.ttf */ = {isa = PBXFileReference; lastKnownFileType = file; path = "Inter-Black.ttf"; sourceTree = "<group>"; };
		FEE0B85028B76DC900BB043D /* Inter-SemiBold.ttf */ = {isa = PBXFileReference; lastKnownFileType = file; path = "Inter-SemiBold.ttf"; sourceTree = "<group>"; };
		FEE0B86228B76E8C00BB043D /* UIColor+Colors.swift */ = {isa = PBXFileReference; fileEncoding = 4; lastKnownFileType = sourcecode.swift; path = "UIColor+Colors.swift"; sourceTree = "<group>"; };
		FEE0B86328B76E8C00BB043D /* Assets.swift */ = {isa = PBXFileReference; fileEncoding = 4; lastKnownFileType = sourcecode.swift; path = Assets.swift; sourceTree = "<group>"; };
		FEE0B86428B76E8C00BB043D /* UIImage+Images.swift */ = {isa = PBXFileReference; fileEncoding = 4; lastKnownFileType = sourcecode.swift; path = "UIImage+Images.swift"; sourceTree = "<group>"; };
		FEE0B86828B76E9600BB043D /* Fonts.swift */ = {isa = PBXFileReference; fileEncoding = 4; lastKnownFileType = sourcecode.swift; path = Fonts.swift; sourceTree = "<group>"; };
		FEE0B86A28B7706800BB043D /* Fonts+Ext.swift */ = {isa = PBXFileReference; lastKnownFileType = sourcecode.swift; path = "Fonts+Ext.swift"; sourceTree = "<group>"; };
		FEE0B8A428BA429800BB043D /* MovieXLoadingView.swift */ = {isa = PBXFileReference; lastKnownFileType = sourcecode.swift; path = MovieXLoadingView.swift; sourceTree = "<group>"; };
		FEE0B8AF28BABB0600BB043D /* MovieCell.swift */ = {isa = PBXFileReference; lastKnownFileType = sourcecode.swift; path = MovieCell.swift; sourceTree = "<group>"; };
		FEE0B8B028BABB0600BB043D /* MovieCellModel.swift */ = {isa = PBXFileReference; lastKnownFileType = sourcecode.swift; path = MovieCellModel.swift; sourceTree = "<group>"; };
		FEE0B8D628BB907400BB043D /* String+Extensions.swift */ = {isa = PBXFileReference; lastKnownFileType = sourcecode.swift; path = "String+Extensions.swift"; sourceTree = "<group>"; };
/* End PBXFileReference section */

/* Begin PBXFrameworksBuildPhase section */
		FEE0B7F728B769B600BB043D /* Frameworks */ = {
			isa = PBXFrameworksBuildPhase;
			buildActionMask = 2147483647;
			files = (
				6D24EC00666662E5CB60D786 /* Pods_UIComponents.framework in Frameworks */,
			);
			runOnlyForDeploymentPostprocessing = 0;
		};
		FEE0B7FF28B769B700BB043D /* Frameworks */ = {
			isa = PBXFrameworksBuildPhase;
			buildActionMask = 2147483647;
			files = (
				FEE0B80328B769B700BB043D /* UIComponents.framework in Frameworks */,
				41885EAE662A5AAB52C73AD0 /* Pods_UIComponentsTests.framework in Frameworks */,
			);
			runOnlyForDeploymentPostprocessing = 0;
		};
/* End PBXFrameworksBuildPhase section */

/* Begin PBXGroup section */
		8A8255C7095520A060845971 /* Frameworks */ = {
			isa = PBXGroup;
			children = (
				895D7B16DF230A3979989C1E /* Pods_UIComponents.framework */,
				5FAA0B002566C0E121E3DF52 /* Pods_UIComponentsTests.framework */,
			);
			name = Frameworks;
			sourceTree = "<group>";
		};
		CAC9EB2206B0E4B2F72A8FAC /* Pods */ = {
			isa = PBXGroup;
			children = (
				0569502AFE5920C48A47DA9A /* Pods-UIComponents.debug.xcconfig */,
				B6BCBB3CCC71B9E77836B39B /* Pods-UIComponents.release.xcconfig */,
				9C5E2C682C7CC1C1D0CD2D1B /* Pods-UIComponentsTests.debug.xcconfig */,
				C3A528EDC561D22F6831B1BE /* Pods-UIComponentsTests.release.xcconfig */,
			);
			name = Pods;
			path = ../Pods;
			sourceTree = "<group>";
		};
		FEE0B7F028B769B600BB043D = {
			isa = PBXGroup;
			children = (
				FEE0B84528B76D4B00BB043D /* swiftgen.yml */,
				FEE0B7FC28B769B600BB043D /* UIComponents */,
				FEE0B80628B769B700BB043D /* UIComponentsTests */,
				FEE0B7FB28B769B600BB043D /* Products */,
				CAC9EB2206B0E4B2F72A8FAC /* Pods */,
				8A8255C7095520A060845971 /* Frameworks */,
			);
			sourceTree = "<group>";
		};
		FEE0B7FB28B769B600BB043D /* Products */ = {
			isa = PBXGroup;
			children = (
				FEE0B7FA28B769B600BB043D /* UIComponents.framework */,
				FEE0B80228B769B700BB043D /* UIComponentsTests.xctest */,
			);
			name = Products;
			sourceTree = "<group>";
		};
		FEE0B7FC28B769B600BB043D /* UIComponents */ = {
			isa = PBXGroup;
			children = (
				FEE0B8AC28BABAEF00BB043D /* Cell */,
				FEE0B8A328BA428800BB043D /* UIView */,
				FEE0B83528B76AED00BB043D /* Protocols */,
				FEE0B83928B76B2600BB043D /* Extensions */,
				FEE0B83828B76B1F00BB043D /* Resources */,
				FEE0B7FD28B769B600BB043D /* UIComponents.h */,
			);
			path = UIComponents;
			sourceTree = "<group>";
		};
		FEE0B80628B769B700BB043D /* UIComponentsTests */ = {
			isa = PBXGroup;
			children = (
				FEE0B80728B769B700BB043D /* UIComponentsTests.swift */,
			);
			path = UIComponentsTests;
			sourceTree = "<group>";
		};
		FEE0B83528B76AED00BB043D /* Protocols */ = {
			isa = PBXGroup;
			children = (
				FEE0B83628B76AFA00BB043D /* ReusableView.swift */,
			);
			path = Protocols;
			sourceTree = "<group>";
		};
		FEE0B83828B76B1F00BB043D /* Resources */ = {
			isa = PBXGroup;
			children = (
				FEE0B84428B76C4B00BB043D /* Fonts */,
				FEE0B84028B76C1F00BB043D /* Assets */,
			);
			path = Resources;
			sourceTree = "<group>";
		};
		FEE0B83928B76B2600BB043D /* Extensions */ = {
			isa = PBXGroup;
			children = (
				FEE0B83A28B76B4100BB043D /* UICollectionView+Extensions.swift */,
				FEE0B83C28B76B4900BB043D /* UITableView+Extensions.swift */,
				FEE0B8D628BB907400BB043D /* String+Extensions.swift */,
			);
			path = Extensions;
			sourceTree = "<group>";
		};
		FEE0B84028B76C1F00BB043D /* Assets */ = {
			isa = PBXGroup;
			children = (
				FEE0B86328B76E8C00BB043D /* Assets.swift */,
				FEE0B86228B76E8C00BB043D /* UIColor+Colors.swift */,
				FEE0B86428B76E8C00BB043D /* UIImage+Images.swift */,
				FEE0B83E28B76BEB00BB043D /* Colors.xcassets */,
				FEE0B84228B76C3F00BB043D /* Images.xcassets */,
			);
			path = Assets;
			sourceTree = "<group>";
		};
		FEE0B84428B76C4B00BB043D /* Fonts */ = {
			isa = PBXGroup;
			children = (
				FEE0B86828B76E9600BB043D /* Fonts.swift */,
				FEE0B84728B76DC900BB043D /* Inter */,
				FEE0B86A28B7706800BB043D /* Fonts+Ext.swift */,
			);
			path = Fonts;
			sourceTree = "<group>";
		};
		FEE0B84728B76DC900BB043D /* Inter */ = {
			isa = PBXGroup;
			children = (
				FEE0B84828B76DC900BB043D /* Inter-Medium.ttf */,
				FEE0B84928B76DC900BB043D /* Inter-Light.ttf */,
				FEE0B84A28B76DC900BB043D /* Inter-Thin.ttf */,
				FEE0B84B28B76DC900BB043D /* Inter-Bold.ttf */,
				FEE0B84C28B76DC900BB043D /* Inter-Regular.ttf */,
				FEE0B84D28B76DC900BB043D /* Inter-ExtraBold.ttf */,
				FEE0B84E28B76DC900BB043D /* Inter-ExtraLight.ttf */,
				FEE0B84F28B76DC900BB043D /* Inter-Black.ttf */,
				FEE0B85028B76DC900BB043D /* Inter-SemiBold.ttf */,
			);
			path = Inter;
			sourceTree = "<group>";
		};
		FEE0B8A328BA428800BB043D /* UIView */ = {
			isa = PBXGroup;
			children = (
				FEE0B8A428BA429800BB043D /* MovieXLoadingView.swift */,
			);
			path = UIView;
			sourceTree = "<group>";
		};
		FEE0B8AC28BABAEF00BB043D /* Cell */ = {
			isa = PBXGroup;
			children = (
				FEE0B8AD28BABAF300BB043D /* CollectionView */,
			);
			path = Cell;
			sourceTree = "<group>";
		};
		FEE0B8AD28BABAF300BB043D /* CollectionView */ = {
			isa = PBXGroup;
			children = (
				FEE0B8AE28BABAF800BB043D /* MovieCell */,
			);
			path = CollectionView;
			sourceTree = "<group>";
		};
		FEE0B8AE28BABAF800BB043D /* MovieCell */ = {
			isa = PBXGroup;
			children = (
				FEE0B8AF28BABB0600BB043D /* MovieCell.swift */,
				FEE0B8B028BABB0600BB043D /* MovieCellModel.swift */,
			);
			path = MovieCell;
			sourceTree = "<group>";
		};
/* End PBXGroup section */

/* Begin PBXHeadersBuildPhase section */
		FEE0B7F528B769B600BB043D /* Headers */ = {
			isa = PBXHeadersBuildPhase;
			buildActionMask = 2147483647;
			files = (
				FEE0B80928B769B700BB043D /* UIComponents.h in Headers */,
			);
			runOnlyForDeploymentPostprocessing = 0;
		};
/* End PBXHeadersBuildPhase section */

/* Begin PBXNativeTarget section */
		FEE0B7F928B769B600BB043D /* UIComponents */ = {
			isa = PBXNativeTarget;
			buildConfigurationList = FEE0B80C28B769B700BB043D /* Build configuration list for PBXNativeTarget "UIComponents" */;
			buildPhases = (
				3688DC321264AC02DAF82B25 /* [CP] Check Pods Manifest.lock */,
				FEE0B7F528B769B600BB043D /* Headers */,
				FEE0B7F628B769B600BB043D /* Sources */,
				FEE0B7F728B769B600BB043D /* Frameworks */,
				FEE0B7F828B769B600BB043D /* Resources */,
				FEE0B85A28B76E0E00BB043D /* SwiftGen */,
			);
			buildRules = (
			);
			dependencies = (
			);
			name = UIComponents;
			productName = UIComponents;
			productReference = FEE0B7FA28B769B600BB043D /* UIComponents.framework */;
			productType = "com.apple.product-type.framework";
		};
		FEE0B80128B769B700BB043D /* UIComponentsTests */ = {
			isa = PBXNativeTarget;
			buildConfigurationList = FEE0B80F28B769B700BB043D /* Build configuration list for PBXNativeTarget "UIComponentsTests" */;
			buildPhases = (
				588DC0A36A0DACD0C9140FE1 /* [CP] Check Pods Manifest.lock */,
				FEE0B7FE28B769B700BB043D /* Sources */,
				FEE0B7FF28B769B700BB043D /* Frameworks */,
				FEE0B80028B769B700BB043D /* Resources */,
			);
			buildRules = (
			);
			dependencies = (
				FEE0B80528B769B700BB043D /* PBXTargetDependency */,
			);
			name = UIComponentsTests;
			productName = UIComponentsTests;
			productReference = FEE0B80228B769B700BB043D /* UIComponentsTests.xctest */;
			productType = "com.apple.product-type.bundle.unit-test";
		};
/* End PBXNativeTarget section */

/* Begin PBXProject section */
		FEE0B7F128B769B600BB043D /* Project object */ = {
			isa = PBXProject;
			attributes = {
				BuildIndependentTargetsInParallel = 1;
				LastSwiftUpdateCheck = 1330;
				LastUpgradeCheck = 1330;
				TargetAttributes = {
					FEE0B7F928B769B600BB043D = {
						CreatedOnToolsVersion = 13.3;
						LastSwiftMigration = 1330;
					};
					FEE0B80128B769B700BB043D = {
						CreatedOnToolsVersion = 13.3;
					};
				};
			};
			buildConfigurationList = FEE0B7F428B769B600BB043D /* Build configuration list for PBXProject "UIComponents" */;
			compatibilityVersion = "Xcode 13.0";
			developmentRegion = en;
			hasScannedForEncodings = 0;
			knownRegions = (
				en,
				Base,
			);
			mainGroup = FEE0B7F028B769B600BB043D;
			productRefGroup = FEE0B7FB28B769B600BB043D /* Products */;
			projectDirPath = "";
			projectRoot = "";
			targets = (
				FEE0B7F928B769B600BB043D /* UIComponents */,
				FEE0B80128B769B700BB043D /* UIComponentsTests */,
			);
		};
/* End PBXProject section */

/* Begin PBXResourcesBuildPhase section */
		FEE0B7F828B769B600BB043D /* Resources */ = {
			isa = PBXResourcesBuildPhase;
			buildActionMask = 2147483647;
			files = (
				FEE0B85928B76DC900BB043D /* Inter-SemiBold.ttf in Resources */,
				FEE0B85228B76DC900BB043D /* Inter-Light.ttf in Resources */,
				FEE0B85728B76DC900BB043D /* Inter-ExtraLight.ttf in Resources */,
				FEE0B85128B76DC900BB043D /* Inter-Medium.ttf in Resources */,
				FEE0B85628B76DC900BB043D /* Inter-ExtraBold.ttf in Resources */,
				FEE0B85328B76DC900BB043D /* Inter-Thin.ttf in Resources */,
				FEE0B85428B76DC900BB043D /* Inter-Bold.ttf in Resources */,
				FEE0B85828B76DC900BB043D /* Inter-Black.ttf in Resources */,
				FEE0B83F28B76BEB00BB043D /* Colors.xcassets in Resources */,
				FEE0B84628B76D4B00BB043D /* swiftgen.yml in Resources */,
				FEE0B85528B76DC900BB043D /* Inter-Regular.ttf in Resources */,
				FEE0B84328B76C3F00BB043D /* Images.xcassets in Resources */,
			);
			runOnlyForDeploymentPostprocessing = 0;
		};
		FEE0B80028B769B700BB043D /* Resources */ = {
			isa = PBXResourcesBuildPhase;
			buildActionMask = 2147483647;
			files = (
			);
			runOnlyForDeploymentPostprocessing = 0;
		};
/* End PBXResourcesBuildPhase section */

/* Begin PBXShellScriptBuildPhase section */
		3688DC321264AC02DAF82B25 /* [CP] Check Pods Manifest.lock */ = {
			isa = PBXShellScriptBuildPhase;
			buildActionMask = 2147483647;
			files = (
			);
			inputFileListPaths = (
			);
			inputPaths = (
				"${PODS_PODFILE_DIR_PATH}/Podfile.lock",
				"${PODS_ROOT}/Manifest.lock",
			);
			name = "[CP] Check Pods Manifest.lock";
			outputFileListPaths = (
			);
			outputPaths = (
				"$(DERIVED_FILE_DIR)/Pods-UIComponents-checkManifestLockResult.txt",
			);
			runOnlyForDeploymentPostprocessing = 0;
			shellPath = /bin/sh;
			shellScript = "diff \"${PODS_PODFILE_DIR_PATH}/Podfile.lock\" \"${PODS_ROOT}/Manifest.lock\" > /dev/null\nif [ $? != 0 ] ; then\n    # print error to STDERR\n    echo \"error: The sandbox is not in sync with the Podfile.lock. Run 'pod install' or update your CocoaPods installation.\" >&2\n    exit 1\nfi\n# This output is used by Xcode 'outputs' to avoid re-running this script phase.\necho \"SUCCESS\" > \"${SCRIPT_OUTPUT_FILE_0}\"\n";
			showEnvVarsInLog = 0;
		};
		588DC0A36A0DACD0C9140FE1 /* [CP] Check Pods Manifest.lock */ = {
			isa = PBXShellScriptBuildPhase;
			buildActionMask = 2147483647;
			files = (
			);
			inputFileListPaths = (
			);
			inputPaths = (
				"${PODS_PODFILE_DIR_PATH}/Podfile.lock",
				"${PODS_ROOT}/Manifest.lock",
			);
			name = "[CP] Check Pods Manifest.lock";
			outputFileListPaths = (
			);
			outputPaths = (
				"$(DERIVED_FILE_DIR)/Pods-UIComponentsTests-checkManifestLockResult.txt",
			);
			runOnlyForDeploymentPostprocessing = 0;
			shellPath = /bin/sh;
			shellScript = "diff \"${PODS_PODFILE_DIR_PATH}/Podfile.lock\" \"${PODS_ROOT}/Manifest.lock\" > /dev/null\nif [ $? != 0 ] ; then\n    # print error to STDERR\n    echo \"error: The sandbox is not in sync with the Podfile.lock. Run 'pod install' or update your CocoaPods installation.\" >&2\n    exit 1\nfi\n# This output is used by Xcode 'outputs' to avoid re-running this script phase.\necho \"SUCCESS\" > \"${SCRIPT_OUTPUT_FILE_0}\"\n";
			showEnvVarsInLog = 0;
		};
		FEE0B85A28B76E0E00BB043D /* SwiftGen */ = {
			isa = PBXShellScriptBuildPhase;
			buildActionMask = 2147483647;
			files = (
			);
			inputFileListPaths = (
			);
			inputPaths = (
			);
			name = SwiftGen;
			outputFileListPaths = (
			);
			outputPaths = (
			);
			runOnlyForDeploymentPostprocessing = 0;
			shellPath = /bin/sh;
			shellScript = "if [[ -f \"${PODS_ROOT}/SwiftGen/bin/swiftgen\" ]]; then\n  \"${PODS_ROOT}/SwiftGen/bin/swiftgen\"\nelse\n  echo \"warning: SwiftGen is not installed. Run 'pod install --repo-update' to install it.\"\nfi\n";
		};
/* End PBXShellScriptBuildPhase section */

/* Begin PBXSourcesBuildPhase section */
		FEE0B7F628B769B600BB043D /* Sources */ = {
			isa = PBXSourcesBuildPhase;
			buildActionMask = 2147483647;
			files = (
				FEE0B86B28B7706800BB043D /* Fonts+Ext.swift in Sources */,
				FEE0B86928B76E9600BB043D /* Fonts.swift in Sources */,
				FEE0B83D28B76B4900BB043D /* UITableView+Extensions.swift in Sources */,
				FEE0B86528B76E8C00BB043D /* UIColor+Colors.swift in Sources */,
				FEE0B8D728BB907400BB043D /* String+Extensions.swift in Sources */,
				FEE0B83B28B76B4100BB043D /* UICollectionView+Extensions.swift in Sources */,
				FEE0B8A528BA429800BB043D /* MovieXLoadingView.swift in Sources */,
				FEE0B86628B76E8C00BB043D /* Assets.swift in Sources */,
				FEE0B83728B76AFA00BB043D /* ReusableView.swift in Sources */,
				FEE0B8B228BABB0600BB043D /* MovieCellModel.swift in Sources */,
				FEE0B8B128BABB0600BB043D /* MovieCell.swift in Sources */,
				FEE0B86728B76E8C00BB043D /* UIImage+Images.swift in Sources */,
			);
			runOnlyForDeploymentPostprocessing = 0;
		};
		FEE0B7FE28B769B700BB043D /* Sources */ = {
			isa = PBXSourcesBuildPhase;
			buildActionMask = 2147483647;
			files = (
				FEE0B80828B769B700BB043D /* UIComponentsTests.swift in Sources */,
			);
			runOnlyForDeploymentPostprocessing = 0;
		};
/* End PBXSourcesBuildPhase section */

/* Begin PBXTargetDependency section */
		FEE0B80528B769B700BB043D /* PBXTargetDependency */ = {
			isa = PBXTargetDependency;
			target = FEE0B7F928B769B600BB043D /* UIComponents */;
			targetProxy = FEE0B80428B769B700BB043D /* PBXContainerItemProxy */;
		};
/* End PBXTargetDependency section */

/* Begin XCBuildConfiguration section */
		FEE0B80A28B769B700BB043D /* Debug */ = {
			isa = XCBuildConfiguration;
			buildSettings = {
				ALWAYS_SEARCH_USER_PATHS = NO;
				CLANG_ANALYZER_NONNULL = YES;
				CLANG_ANALYZER_NUMBER_OBJECT_CONVERSION = YES_AGGRESSIVE;
				CLANG_CXX_LANGUAGE_STANDARD = "gnu++17";
				CLANG_ENABLE_MODULES = YES;
				CLANG_ENABLE_OBJC_ARC = YES;
				CLANG_ENABLE_OBJC_WEAK = YES;
				CLANG_WARN_BLOCK_CAPTURE_AUTORELEASING = YES;
				CLANG_WARN_BOOL_CONVERSION = YES;
				CLANG_WARN_COMMA = YES;
				CLANG_WARN_CONSTANT_CONVERSION = YES;
				CLANG_WARN_DEPRECATED_OBJC_IMPLEMENTATIONS = YES;
				CLANG_WARN_DIRECT_OBJC_ISA_USAGE = YES_ERROR;
				CLANG_WARN_DOCUMENTATION_COMMENTS = YES;
				CLANG_WARN_EMPTY_BODY = YES;
				CLANG_WARN_ENUM_CONVERSION = YES;
				CLANG_WARN_INFINITE_RECURSION = YES;
				CLANG_WARN_INT_CONVERSION = YES;
				CLANG_WARN_NON_LITERAL_NULL_CONVERSION = YES;
				CLANG_WARN_OBJC_IMPLICIT_RETAIN_SELF = YES;
				CLANG_WARN_OBJC_LITERAL_CONVERSION = YES;
				CLANG_WARN_OBJC_ROOT_CLASS = YES_ERROR;
				CLANG_WARN_QUOTED_INCLUDE_IN_FRAMEWORK_HEADER = YES;
				CLANG_WARN_RANGE_LOOP_ANALYSIS = YES;
				CLANG_WARN_STRICT_PROTOTYPES = YES;
				CLANG_WARN_SUSPICIOUS_MOVE = YES;
				CLANG_WARN_UNGUARDED_AVAILABILITY = YES_AGGRESSIVE;
				CLANG_WARN_UNREACHABLE_CODE = YES;
				CLANG_WARN__DUPLICATE_METHOD_MATCH = YES;
				COPY_PHASE_STRIP = NO;
				CURRENT_PROJECT_VERSION = 1;
				DEBUG_INFORMATION_FORMAT = dwarf;
				ENABLE_STRICT_OBJC_MSGSEND = YES;
				ENABLE_TESTABILITY = YES;
				GCC_C_LANGUAGE_STANDARD = gnu11;
				GCC_DYNAMIC_NO_PIC = NO;
				GCC_NO_COMMON_BLOCKS = YES;
				GCC_OPTIMIZATION_LEVEL = 0;
				GCC_PREPROCESSOR_DEFINITIONS = (
					"DEBUG=1",
					"$(inherited)",
				);
				GCC_WARN_64_TO_32_BIT_CONVERSION = YES;
				GCC_WARN_ABOUT_RETURN_TYPE = YES_ERROR;
				GCC_WARN_UNDECLARED_SELECTOR = YES;
				GCC_WARN_UNINITIALIZED_AUTOS = YES_AGGRESSIVE;
				GCC_WARN_UNUSED_FUNCTION = YES;
				GCC_WARN_UNUSED_VARIABLE = YES;
				IPHONEOS_DEPLOYMENT_TARGET = 15.4;
				MTL_ENABLE_DEBUG_INFO = INCLUDE_SOURCE;
				MTL_FAST_MATH = YES;
				ONLY_ACTIVE_ARCH = YES;
				SDKROOT = iphoneos;
				SWIFT_ACTIVE_COMPILATION_CONDITIONS = DEBUG;
				SWIFT_OPTIMIZATION_LEVEL = "-Onone";
				VERSIONING_SYSTEM = "apple-generic";
				VERSION_INFO_PREFIX = "";
			};
			name = Debug;
		};
		FEE0B80B28B769B700BB043D /* Release */ = {
			isa = XCBuildConfiguration;
			buildSettings = {
				ALWAYS_SEARCH_USER_PATHS = NO;
				CLANG_ANALYZER_NONNULL = YES;
				CLANG_ANALYZER_NUMBER_OBJECT_CONVERSION = YES_AGGRESSIVE;
				CLANG_CXX_LANGUAGE_STANDARD = "gnu++17";
				CLANG_ENABLE_MODULES = YES;
				CLANG_ENABLE_OBJC_ARC = YES;
				CLANG_ENABLE_OBJC_WEAK = YES;
				CLANG_WARN_BLOCK_CAPTURE_AUTORELEASING = YES;
				CLANG_WARN_BOOL_CONVERSION = YES;
				CLANG_WARN_COMMA = YES;
				CLANG_WARN_CONSTANT_CONVERSION = YES;
				CLANG_WARN_DEPRECATED_OBJC_IMPLEMENTATIONS = YES;
				CLANG_WARN_DIRECT_OBJC_ISA_USAGE = YES_ERROR;
				CLANG_WARN_DOCUMENTATION_COMMENTS = YES;
				CLANG_WARN_EMPTY_BODY = YES;
				CLANG_WARN_ENUM_CONVERSION = YES;
				CLANG_WARN_INFINITE_RECURSION = YES;
				CLANG_WARN_INT_CONVERSION = YES;
				CLANG_WARN_NON_LITERAL_NULL_CONVERSION = YES;
				CLANG_WARN_OBJC_IMPLICIT_RETAIN_SELF = YES;
				CLANG_WARN_OBJC_LITERAL_CONVERSION = YES;
				CLANG_WARN_OBJC_ROOT_CLASS = YES_ERROR;
				CLANG_WARN_QUOTED_INCLUDE_IN_FRAMEWORK_HEADER = YES;
				CLANG_WARN_RANGE_LOOP_ANALYSIS = YES;
				CLANG_WARN_STRICT_PROTOTYPES = YES;
				CLANG_WARN_SUSPICIOUS_MOVE = YES;
				CLANG_WARN_UNGUARDED_AVAILABILITY = YES_AGGRESSIVE;
				CLANG_WARN_UNREACHABLE_CODE = YES;
				CLANG_WARN__DUPLICATE_METHOD_MATCH = YES;
				COPY_PHASE_STRIP = NO;
				CURRENT_PROJECT_VERSION = 1;
				DEBUG_INFORMATION_FORMAT = "dwarf-with-dsym";
				ENABLE_NS_ASSERTIONS = NO;
				ENABLE_STRICT_OBJC_MSGSEND = YES;
				GCC_C_LANGUAGE_STANDARD = gnu11;
				GCC_NO_COMMON_BLOCKS = YES;
				GCC_WARN_64_TO_32_BIT_CONVERSION = YES;
				GCC_WARN_ABOUT_RETURN_TYPE = YES_ERROR;
				GCC_WARN_UNDECLARED_SELECTOR = YES;
				GCC_WARN_UNINITIALIZED_AUTOS = YES_AGGRESSIVE;
				GCC_WARN_UNUSED_FUNCTION = YES;
				GCC_WARN_UNUSED_VARIABLE = YES;
				IPHONEOS_DEPLOYMENT_TARGET = 15.4;
				MTL_ENABLE_DEBUG_INFO = NO;
				MTL_FAST_MATH = YES;
				SDKROOT = iphoneos;
				SWIFT_COMPILATION_MODE = wholemodule;
				SWIFT_OPTIMIZATION_LEVEL = "-O";
				VALIDATE_PRODUCT = YES;
				VERSIONING_SYSTEM = "apple-generic";
				VERSION_INFO_PREFIX = "";
			};
			name = Release;
		};
		FEE0B80D28B769B700BB043D /* Debug */ = {
			isa = XCBuildConfiguration;
			baseConfigurationReference = 0569502AFE5920C48A47DA9A /* Pods-UIComponents.debug.xcconfig */;
			buildSettings = {
				CLANG_ENABLE_MODULES = YES;
				CODE_SIGN_STYLE = Automatic;
				CURRENT_PROJECT_VERSION = 1;
				DEFINES_MODULE = YES;
				DEVELOPMENT_TEAM = B25V49FA8N;
				DYLIB_COMPATIBILITY_VERSION = 1;
				DYLIB_CURRENT_VERSION = 1;
				DYLIB_INSTALL_NAME_BASE = "@rpath";
				GENERATE_INFOPLIST_FILE = YES;
				INFOPLIST_KEY_NSHumanReadableCopyright = "";
				INSTALL_PATH = "$(LOCAL_LIBRARY_DIR)/Frameworks";
				LD_RUNPATH_SEARCH_PATHS = (
					"$(inherited)",
					"@executable_path/Frameworks",
					"@loader_path/Frameworks",
				);
				MARKETING_VERSION = 1.0;
				PRODUCT_BUNDLE_IDENTIFIER = moviex.UIComponents;
				PRODUCT_NAME = "$(TARGET_NAME:c99extidentifier)";
				SKIP_INSTALL = YES;
				SWIFT_EMIT_LOC_STRINGS = YES;
				SWIFT_OPTIMIZATION_LEVEL = "-Onone";
				SWIFT_VERSION = 5.0;
				TARGETED_DEVICE_FAMILY = "1,2";
			};
			name = Debug;
		};
		FEE0B80E28B769B700BB043D /* Release */ = {
			isa = XCBuildConfiguration;
			baseConfigurationReference = B6BCBB3CCC71B9E77836B39B /* Pods-UIComponents.release.xcconfig */;
			buildSettings = {
				CLANG_ENABLE_MODULES = YES;
				CODE_SIGN_STYLE = Automatic;
				CURRENT_PROJECT_VERSION = 1;
				DEFINES_MODULE = YES;
				DEVELOPMENT_TEAM = B25V49FA8N;
				DYLIB_COMPATIBILITY_VERSION = 1;
				DYLIB_CURRENT_VERSION = 1;
				DYLIB_INSTALL_NAME_BASE = "@rpath";
				GENERATE_INFOPLIST_FILE = YES;
				INFOPLIST_KEY_NSHumanReadableCopyright = "";
				INSTALL_PATH = "$(LOCAL_LIBRARY_DIR)/Frameworks";
				LD_RUNPATH_SEARCH_PATHS = (
					"$(inherited)",
					"@executable_path/Frameworks",
					"@loader_path/Frameworks",
				);
				MARKETING_VERSION = 1.0;
				PRODUCT_BUNDLE_IDENTIFIER = moviex.UIComponents;
				PRODUCT_NAME = "$(TARGET_NAME:c99extidentifier)";
				SKIP_INSTALL = YES;
				SWIFT_EMIT_LOC_STRINGS = YES;
				SWIFT_VERSION = 5.0;
				TARGETED_DEVICE_FAMILY = "1,2";
			};
			name = Release;
		};
		FEE0B81028B769B700BB043D /* Debug */ = {
			isa = XCBuildConfiguration;
			baseConfigurationReference = 9C5E2C682C7CC1C1D0CD2D1B /* Pods-UIComponentsTests.debug.xcconfig */;
			buildSettings = {
				ALWAYS_EMBED_SWIFT_STANDARD_LIBRARIES = YES;
				CODE_SIGN_STYLE = Automatic;
				CURRENT_PROJECT_VERSION = 1;
				DEVELOPMENT_TEAM = B25V49FA8N;
				GENERATE_INFOPLIST_FILE = YES;
				MARKETING_VERSION = 1.0;
				PRODUCT_BUNDLE_IDENTIFIER = moviex.UIComponentsTests;
				PRODUCT_NAME = "$(TARGET_NAME)";
				SWIFT_EMIT_LOC_STRINGS = NO;
				SWIFT_VERSION = 5.0;
				TARGETED_DEVICE_FAMILY = "1,2";
			};
			name = Debug;
		};
		FEE0B81128B769B700BB043D /* Release */ = {
			isa = XCBuildConfiguration;
			baseConfigurationReference = C3A528EDC561D22F6831B1BE /* Pods-UIComponentsTests.release.xcconfig */;
			buildSettings = {
				ALWAYS_EMBED_SWIFT_STANDARD_LIBRARIES = YES;
				CODE_SIGN_STYLE = Automatic;
				CURRENT_PROJECT_VERSION = 1;
				DEVELOPMENT_TEAM = B25V49FA8N;
				GENERATE_INFOPLIST_FILE = YES;
				MARKETING_VERSION = 1.0;
				PRODUCT_BUNDLE_IDENTIFIER = moviex.UIComponentsTests;
				PRODUCT_NAME = "$(TARGET_NAME)";
				SWIFT_EMIT_LOC_STRINGS = NO;
				SWIFT_VERSION = 5.0;
				TARGETED_DEVICE_FAMILY = "1,2";
			};
			name = Release;
		};
/* End XCBuildConfiguration section */

/* Begin XCConfigurationList section */
		FEE0B7F428B769B600BB043D /* Build configuration list for PBXProject "UIComponents" */ = {
			isa = XCConfigurationList;
			buildConfigurations = (
				FEE0B80A28B769B700BB043D /* Debug */,
				FEE0B80B28B769B700BB043D /* Release */,
			);
			defaultConfigurationIsVisible = 0;
			defaultConfigurationName = Release;
		};
		FEE0B80C28B769B700BB043D /* Build configuration list for PBXNativeTarget "UIComponents" */ = {
			isa = XCConfigurationList;
			buildConfigurations = (
				FEE0B80D28B769B700BB043D /* Debug */,
				FEE0B80E28B769B700BB043D /* Release */,
			);
			defaultConfigurationIsVisible = 0;
			defaultConfigurationName = Release;
		};
		FEE0B80F28B769B700BB043D /* Build configuration list for PBXNativeTarget "UIComponentsTests" */ = {
			isa = XCConfigurationList;
			buildConfigurations = (
				FEE0B81028B769B700BB043D /* Debug */,
				FEE0B81128B769B700BB043D /* Release */,
			);
			defaultConfigurationIsVisible = 0;
			defaultConfigurationName = Release;
		};
/* End XCConfigurationList section */
	};
	rootObject = FEE0B7F128B769B600BB043D /* Project object */;
}
